
Microsoft Visual Studio Solution File, Format Version 12.00
# Visual Studio Version 17
VisualStudioVersion = 17.4.33122.133
MinimumVisualStudioVersion = 10.0.40219.1
Project("{9A19103F-16F7-4668-BE54-9A1E7A4F7556}") = "Registrar.Api.Core", "Registrar.Api.Core\Registrar.Api.Core.csproj", "{3DA5D9FB-E781-4062-B5A9-D3E98BF9AAA2}"
EndProject
Project("{9A19103F-16F7-4668-BE54-9A1E7A4F7556}") = "Registrar.Api.Services", "Registrar.Api.Services\Registrar.Api.Services.csproj", "{A03F7F55-0EFC-406C-80A8-B1CA204E0986}"
EndProject
Project("{9A19103F-16F7-4668-BE54-9A1E7A4F7556}") = "Registrar.Api.Data", "Registrar.Api.Data\Registrar.Api.Data.csproj", "{1659C283-D31A-4E85-9C32-A20A2B272D10}"
EndProject
Project("{9A19103F-16F7-4668-BE54-9A1E7A4F7556}") = "Registrar.Test", "Registrar.Test\Registrar.Test.csproj", "{86EFDAFE-5FB6-4B27-9D56-EB69A801300E}"
EndProject
Project("{FAE04EC0-301F-11D3-BF4B-00C04F79EFBC}") = "Registrar.Api.Data.MySQLCore", "Registrar.Data.MySQLCore\Registrar.Api.Data.MySQLCore.csproj", "{6302D924-A356-48DD-8658-8EFB09F1A694}"
EndProject
Global
	GlobalSection(SolutionConfigurationPlatforms) = preSolution
		Debug|Any CPU = Debug|Any CPU
		Release|Any CPU = Release|Any CPU
	EndGlobalSection
	GlobalSection(ProjectConfigurationPlatforms) = postSolution
		{3DA5D9FB-E781-4062-B5A9-D3E98BF9AAA2}.Debug|Any CPU.ActiveCfg = Debug|Any CPU
		{3DA5D9FB-E781-4062-B5A9-D3E98BF9AAA2}.Debug|Any CPU.Build.0 = Debug|Any CPU
		{3DA5D9FB-E781-4062-B5A9-D3E98BF9AAA2}.Release|Any CPU.ActiveCfg = Release|Any CPU
		{3DA5D9FB-E781-4062-B5A9-D3E98BF9AAA2}.Release|Any CPU.Build.0 = Release|Any CPU
		{A03F7F55-0EFC-406C-80A8-B1CA204E0986}.Debug|Any CPU.ActiveCfg = Debug|Any CPU
		{A03F7F55-0EFC-406C-80A8-B1CA204E0986}.Debug|Any CPU.Build.0 = Debug|Any CPU
		{A03F7F55-0EFC-406C-80A8-B1CA204E0986}.Release|Any CPU.ActiveCfg = Release|Any CPU
		{A03F7F55-0EFC-406C-80A8-B1CA204E0986}.Release|Any CPU.Build.0 = Release|Any CPU
		{1659C283-D31A-4E85-9C32-A20A2B272D10}.Debug|Any CPU.ActiveCfg = Debug|Any CPU
		{1659C283-D31A-4E85-9C32-A20A2B272D10}.Debug|Any CPU.Build.0 = Debug|Any CPU
		{1659C283-D31A-4E85-9C32-A20A2B272D10}.Release|Any CPU.ActiveCfg = Release|Any CPU
		{1659C283-D31A-4E85-9C32-A20A2B272D10}.Release|Any CPU.Build.0 = Release|Any CPU
		{86EFDAFE-5FB6-4B27-9D56-EB69A801300E}.Debug|Any CPU.ActiveCfg = Debug|Any CPU
		{86EFDAFE-5FB6-4B27-9D56-EB69A801300E}.Debug|Any CPU.Build.0 = Debug|Any CPU
		{86EFDAFE-5FB6-4B27-9D56-EB69A801300E}.Release|Any CPU.ActiveCfg = Release|Any CPU
		{86EFDAFE-5FB6-4B27-9D56-EB69A801300E}.Release|Any CPU.Build.0 = Release|Any CPU
		{6302D924-A356-48DD-8658-8EFB09F1A694}.Debug|Any CPU.ActiveCfg = Debug|Any CPU
		{6302D924-A356-48DD-8658-8EFB09F1A694}.Debug|Any CPU.Build.0 = Debug|Any CPU
		{6302D924-A356-48DD-8658-8EFB09F1A694}.Release|Any CPU.ActiveCfg = Release|Any CPU
		{6302D924-A356-48DD-8658-8EFB09F1A694}.Release|Any CPU.Build.0 = Release|Any CPU
	EndGlobalSection
	GlobalSection(SolutionProperties) = preSolution
		HideSolutionNode = FALSE
	EndGlobalSection
	GlobalSection(ExtensibilityGlobals) = postSolution
		SolutionGuid = {3FD9832A-C3F4-4043-8BA2-A8381005EEB1}
	EndGlobalSection
EndGlobal
